
Microsoft Visual Studio Solution File, Format Version 11.00
# Visual C++ Express 2010
Project("{8BC9CEB8-8B4A-11D0-8D11-00A0C91BC942}") = "SimpleOpenCL", "SimpleOpenCL.vcxproj", "{94F3E2E8-CEEA-482C-BC69-212D2DB1A478}"
EndProject
Global
	GlobalSection(SolutionConfigurationPlatforms) = preSolution
		Debug|Win32 = Debug|Win32
		Debug|x64 = Debug|x64
		IntelFPGAOpenCL|Win32 = IntelFPGAOpenCL|Win32
		IntelFPGAOpenCL|x64 = IntelFPGAOpenCL|x64
		Release|Win32 = Release|Win32
		Release|x64 = Release|x64
	EndGlobalSection
	GlobalSection(ProjectConfigurationPlatforms) = postSolution
		{94F3E2E8-CEEA-482C-BC69-212D2DB1A478}.Debug|Win32.ActiveCfg = Debug|Win32
		{94F3E2E8-CEEA-482C-BC69-212D2DB1A478}.Debug|Win32.Build.0 = Debug|Win32
		{94F3E2E8-CEEA-482C-BC69-212D2DB1A478}.Debug|x64.ActiveCfg = Debug|x64
		{94F3E2E8-CEEA-482C-BC69-212D2DB1A478}.Debug|x64.Build.0 = Debug|x64
		{94F3E2E8-CEEA-482C-BC69-212D2DB1A478}.IntelFPGAOpenCL|Win32.ActiveCfg = IntelFPGAOpenCL|Win32
		{94F3E2E8-CEEA-482C-BC69-212D2DB1A478}.IntelFPGAOpenCL|Win32.Build.0 = IntelFPGAOpenCL|Win32
		{94F3E2E8-CEEA-482C-BC69-212D2DB1A478}.IntelFPGAOpenCL|x64.ActiveCfg = IntelFPGAOpenCL|x64
		{94F3E2E8-CEEA-482C-BC69-212D2DB1A478}.IntelFPGAOpenCL|x64.Build.0 = IntelFPGAOpenCL|x64
		{94F3E2E8-CEEA-482C-BC69-212D2DB1A478}.Release|Win32.ActiveCfg = Release|Win32
		{94F3E2E8-CEEA-482C-BC69-212D2DB1A478}.Release|Win32.Build.0 = Release|Win32
		{94F3E2E8-CEEA-482C-BC69-212D2DB1A478}.Release|x64.ActiveCfg = Release|x64
		{94F3E2E8-CEEA-482C-BC69-212D2DB1A478}.Release|x64.Build.0 = Release|x64
	EndGlobalSection
	GlobalSection(SolutionProperties) = preSolution
		HideSolutionNode = FALSE
	EndGlobalSection
EndGlobal
